
Microsoft Visual Studio Solution File, Format Version 12.00
# Visual Studio 15
VisualStudioVersion = 15.0.35319.79
MinimumVisualStudioVersion = 10.0.40219.1
Project("{FAE04EC0-301F-11D3-BF4B-00C04F79EFBC}") = "WebApViet", "WebApViet\WebApViet.csproj", "{E5697633-CEF5-4104-ABD4-1D5D82E24ACF}"
EndProject
Project("{FAE04EC0-301F-11D3-BF4B-00C04F79EFBC}") = "WebApViet.infrastructure", "WebApViet.infrastructure\WebApViet.infrastructure.csproj", "{EAD4D974-1935-44B8-8F3B-EBEDEC5E0188}"
EndProject
Project("{FAE04EC0-301F-11D3-BF4B-00C04F79EFBC}") = "WebApViet.Ultilities", "WebApViet.Ultilities\WebApViet.Ultilities.csproj", "{D2EBD994-B4D4-4C91-AD91-A5796A086BED}"
EndProject
Project("{FAE04EC0-301F-11D3-BF4B-00C04F79EFBC}") = "WebApViet.Data", "WebApViet.Data\WebApViet.Data.csproj", "{BF4A3DFB-78B1-4151-8BA8-1244EB268BC7}"
EndProject
Project("{FAE04EC0-301F-11D3-BF4B-00C04F79EFBC}") = "WebApViet.Data.EF", "WebApViet.Data.EF\WebApViet.Data.EF.csproj", "{E8601D98-8B8B-430C-B2B4-58C1D0F56B57}"
EndProject
Project("{FAE04EC0-301F-11D3-BF4B-00C04F79EFBC}") = "WebApViet.Application", "WebApViet.Application\WebApViet.Application.csproj", "{59563347-F074-4947-8049-86264473C083}"
EndProject
Project("{2150E333-8FDC-42A3-9474-1A3956D46DE8}") = "1 - Presentation", "1 - Presentation", "{9119ECAD-C631-4249-84E5-2CAA4F8EA093}"
EndProject
Project("{2150E333-8FDC-42A3-9474-1A3956D46DE8}") = "2 - Application", "2 - Application", "{07EB0D35-CE85-494D-A01A-0C6ED70E4F8E}"
EndProject
Project("{2150E333-8FDC-42A3-9474-1A3956D46DE8}") = "3 - Domain", "3 - Domain", "{A7A5BAE5-9F51-490C-86C4-28649B688F22}"
EndProject
Project("{2150E333-8FDC-42A3-9474-1A3956D46DE8}") = "4 - Infastructure", "4 - Infastructure", "{57915E0B-00C6-4CCB-9DE3-5BB4BEA7AC19}"
EndProject
Global
	GlobalSection(SolutionConfigurationPlatforms) = preSolution
		Debug|Any CPU = Debug|Any CPU
		Release|Any CPU = Release|Any CPU
	EndGlobalSection
	GlobalSection(ProjectConfigurationPlatforms) = postSolution
		{E5697633-CEF5-4104-ABD4-1D5D82E24ACF}.Debug|Any CPU.ActiveCfg = Debug|Any CPU
		{E5697633-CEF5-4104-ABD4-1D5D82E24ACF}.Debug|Any CPU.Build.0 = Debug|Any CPU
		{E5697633-CEF5-4104-ABD4-1D5D82E24ACF}.Release|Any CPU.ActiveCfg = Release|Any CPU
		{E5697633-CEF5-4104-ABD4-1D5D82E24ACF}.Release|Any CPU.Build.0 = Release|Any CPU
		{EAD4D974-1935-44B8-8F3B-EBEDEC5E0188}.Debug|Any CPU.ActiveCfg = Debug|Any CPU
		{EAD4D974-1935-44B8-8F3B-EBEDEC5E0188}.Debug|Any CPU.Build.0 = Debug|Any CPU
		{EAD4D974-1935-44B8-8F3B-EBEDEC5E0188}.Release|Any CPU.ActiveCfg = Release|Any CPU
		{EAD4D974-1935-44B8-8F3B-EBEDEC5E0188}.Release|Any CPU.Build.0 = Release|Any CPU
		{D2EBD994-B4D4-4C91-AD91-A5796A086BED}.Debug|Any CPU.ActiveCfg = Debug|Any CPU
		{D2EBD994-B4D4-4C91-AD91-A5796A086BED}.Debug|Any CPU.Build.0 = Debug|Any CPU
		{D2EBD994-B4D4-4C91-AD91-A5796A086BED}.Release|Any CPU.ActiveCfg = Release|Any CPU
		{D2EBD994-B4D4-4C91-AD91-A5796A086BED}.Release|Any CPU.Build.0 = Release|Any CPU
		{BF4A3DFB-78B1-4151-8BA8-1244EB268BC7}.Debug|Any CPU.ActiveCfg = Debug|Any CPU
		{BF4A3DFB-78B1-4151-8BA8-1244EB268BC7}.Debug|Any CPU.Build.0 = Debug|Any CPU
		{BF4A3DFB-78B1-4151-8BA8-1244EB268BC7}.Release|Any CPU.ActiveCfg = Release|Any CPU
		{BF4A3DFB-78B1-4151-8BA8-1244EB268BC7}.Release|Any CPU.Build.0 = Release|Any CPU
		{E8601D98-8B8B-430C-B2B4-58C1D0F56B57}.Debug|Any CPU.ActiveCfg = Debug|Any CPU
		{E8601D98-8B8B-430C-B2B4-58C1D0F56B57}.Debug|Any CPU.Build.0 = Debug|Any CPU
		{E8601D98-8B8B-430C-B2B4-58C1D0F56B57}.Release|Any CPU.ActiveCfg = Release|Any CPU
		{E8601D98-8B8B-430C-B2B4-58C1D0F56B57}.Release|Any CPU.Build.0 = Release|Any CPU
		{59563347-F074-4947-8049-86264473C083}.Debug|Any CPU.ActiveCfg = Debug|Any CPU
		{59563347-F074-4947-8049-86264473C083}.Debug|Any CPU.Build.0 = Debug|Any CPU
		{59563347-F074-4947-8049-86264473C083}.Release|Any CPU.ActiveCfg = Release|Any CPU
		{59563347-F074-4947-8049-86264473C083}.Release|Any CPU.Build.0 = Release|Any CPU
	EndGlobalSection
	GlobalSection(SolutionProperties) = preSolution
		HideSolutionNode = FALSE
	EndGlobalSection
	GlobalSection(NestedProjects) = preSolution
		{E5697633-CEF5-4104-ABD4-1D5D82E24ACF} = {9119ECAD-C631-4249-84E5-2CAA4F8EA093}
		{EAD4D974-1935-44B8-8F3B-EBEDEC5E0188} = {57915E0B-00C6-4CCB-9DE3-5BB4BEA7AC19}
		{D2EBD994-B4D4-4C91-AD91-A5796A086BED} = {57915E0B-00C6-4CCB-9DE3-5BB4BEA7AC19}
		{BF4A3DFB-78B1-4151-8BA8-1244EB268BC7} = {A7A5BAE5-9F51-490C-86C4-28649B688F22}
		{E8601D98-8B8B-430C-B2B4-58C1D0F56B57} = {A7A5BAE5-9F51-490C-86C4-28649B688F22}
		{59563347-F074-4947-8049-86264473C083} = {07EB0D35-CE85-494D-A01A-0C6ED70E4F8E}
	EndGlobalSection
	GlobalSection(ExtensibilityGlobals) = postSolution
		SolutionGuid = {81933F59-A6D4-46BE-AD8D-311C64CD3D13}
	EndGlobalSection
EndGlobal
